
Microsoft Visual Studio Solution File, Format Version 12.00
# Visual Studio 15
VisualStudioVersion = 15.0.28307.1321
MinimumVisualStudioVersion = 10.0.40219.1
Project("{FAE04EC0-301F-11D3-BF4B-00C04F79EFBC}") = "QuickConnect", "QuickConnect\QuickConnect.csproj", "{1C6B0FC4-AD65-4BB6-A9DB-7CA3B47EADF6}"
EndProject
Global
	GlobalSection(SolutionConfigurationPlatforms) = preSolution
		Debug|Any CPU = Debug|Any CPU
		Release|Any CPU = Release|Any CPU
	EndGlobalSection
	GlobalSection(ProjectConfigurationPlatforms) = postSolution
		{1C6B0FC4-AD65-4BB6-A9DB-7CA3B47EADF6}.Debug|Any CPU.ActiveCfg = Debug|Any CPU
		{1C6B0FC4-AD65-4BB6-A9DB-7CA3B47EADF6}.Debug|Any CPU.Build.0 = Debug|Any CPU
		{1C6B0FC4-AD65-4BB6-A9DB-7CA3B47EADF6}.Release|Any CPU.ActiveCfg = Release|Any CPU
		{1C6B0FC4-AD65-4BB6-A9DB-7CA3B47EADF6}.Release|Any CPU.Build.0 = Release|Any CPU
	EndGlobalSection
	GlobalSection(SolutionProperties) = preSolution
		HideSolutionNode = FALSE
	EndGlobalSection
	GlobalSection(ExtensibilityGlobals) = postSolution
		SolutionGuid = {284D5E81-2241-494E-A14A-AE6848B3A8C8}
	EndGlobalSection
EndGlobal
